// !$*UTF8*$!
{
	archiveVersion = 1;
	classes = {
	};
	objectVersion = 77;
	objects = {

/* Begin PBXBuildFile section */
		94E7ECD52EAA879400E2D3A2 /* RxBlocking in Frameworks */ = {isa = PBXBuildFile; productRef = 94E7ECD42EAA879400E2D3A2 /* RxBlocking */; };
		94E7ECD72EAA879400E2D3A2 /* RxCocoa in Frameworks */ = {isa = PBXBuildFile; productRef = 94E7ECD62EAA879400E2D3A2 /* RxCocoa */; };
		94E7ECD92EAA879400E2D3A2 /* RxRelay in Frameworks */ = {isa = PBXBuildFile; productRef = 94E7ECD82EAA879400E2D3A2 /* RxRelay */; };
		94E7ECDB2EAA879400E2D3A2 /* RxSwift in Frameworks */ = {isa = PBXBuildFile; productRef = 94E7ECDA2EAA879400E2D3A2 /* RxSwift */; };
		94E7ECDD2EAA879400E2D3A2 /* RxTest in Frameworks */ = {isa = PBXBuildFile; productRef = 94E7ECDC2EAA879400E2D3A2 /* RxTest */; };
		D239013A2EB11AB6004E0768 /* GoogleSignIn in Frameworks */ = {isa = PBXBuildFile; productRef = D23901392EB11AB6004E0768 /* GoogleSignIn */; };
		D23901452EB790BD004E0768 /* FirebaseAnalytics in Frameworks */ = {isa = PBXBuildFile; productRef = D23901442EB790BD004E0768 /* FirebaseAnalytics */; };
		D23901472EB790BD004E0768 /* FirebaseAuth in Frameworks */ = {isa = PBXBuildFile; productRef = D23901462EB790BD004E0768 /* FirebaseAuth */; };
		D23901492EB790BD004E0768 /* FirebaseCore in Frameworks */ = {isa = PBXBuildFile; productRef = D23901482EB790BD004E0768 /* FirebaseCore */; };
		D239014B2EB790BD004E0768 /* FirebaseDatabase in Frameworks */ = {isa = PBXBuildFile; productRef = D239014A2EB790BD004E0768 /* FirebaseDatabase */; };
		D239014D2EB790BD004E0768 /* FirebaseFirestore in Frameworks */ = {isa = PBXBuildFile; productRef = D239014C2EB790BD004E0768 /* FirebaseFirestore */; };
		D239014F2EB790BD004E0768 /* FirebaseFirestoreCombine-Community in Frameworks */ = {isa = PBXBuildFile; productRef = D239014E2EB790BD004E0768 /* FirebaseFirestoreCombine-Community */; };
		D23901512EB790BD004E0768 /* FirebaseFunctions in Frameworks */ = {isa = PBXBuildFile; productRef = D23901502EB790BD004E0768 /* FirebaseFunctions */; };
		D23901532EB790BD004E0768 /* FirebaseFunctionsCombine-Community in Frameworks */ = {isa = PBXBuildFile; productRef = D23901522EB790BD004E0768 /* FirebaseFunctionsCombine-Community */; };
		D23901552EB790BD004E0768 /* FirebasePerformance in Frameworks */ = {isa = PBXBuildFile; productRef = D23901542EB790BD004E0768 /* FirebasePerformance */; };
		D23901572EB790BD004E0768 /* FirebaseStorage in Frameworks */ = {isa = PBXBuildFile; productRef = D23901562EB790BD004E0768 /* FirebaseStorage */; };
/* End PBXBuildFile section */

/* Begin PBXContainerItemProxy section */
		9434F1EB2E9AB79100C6176D /* PBXContainerItemProxy */ = {
			isa = PBXContainerItemProxy;
			containerPortal = 9434F1CC2E9AB78F00C6176D /* Project object */;
			proxyType = 1;
			remoteGlobalIDString = 9434F1D32E9AB78F00C6176D;
			remoteInfo = ShoppingApp;
		};
		9434F1F52E9AB79100C6176D /* PBXContainerItemProxy */ = {
			isa = PBXContainerItemProxy;
			containerPortal = 9434F1CC2E9AB78F00C6176D /* Project object */;
			proxyType = 1;
			remoteGlobalIDString = 9434F1D32E9AB78F00C6176D;
			remoteInfo = ShoppingApp;
		};
/* End PBXContainerItemProxy section */

/* Begin PBXFileReference section */
		9434F1D42E9AB78F00C6176D /* ShoppingApp.app */ = {isa = PBXFileReference; explicitFileType = wrapper.application; includeInIndex = 0; path = ShoppingApp.app; sourceTree = BUILT_PRODUCTS_DIR; };
		9434F1EA2E9AB79100C6176D /* ShoppingAppTests.xctest */ = {isa = PBXFileReference; explicitFileType = wrapper.cfbundle; includeInIndex = 0; path = ShoppingAppTests.xctest; sourceTree = BUILT_PRODUCTS_DIR; };
		9434F1F42E9AB79100C6176D /* ShoppingAppUITests.xctest */ = {isa = PBXFileReference; explicitFileType = wrapper.cfbundle; includeInIndex = 0; path = ShoppingAppUITests.xctest; sourceTree = BUILT_PRODUCTS_DIR; };
/* End PBXFileReference section */

/* Begin PBXFileSystemSynchronizedBuildFileExceptionSet section */
		9434F1FC2E9AB79100C6176D /* Exceptions for "ShoppingApp" folder in "ShoppingApp" target */ = {
			isa = PBXFileSystemSynchronizedBuildFileExceptionSet;
			membershipExceptions = (
				Shared/Resources/Info.plist,
			);
			target = 9434F1D32E9AB78F00C6176D /* ShoppingApp */;
		};
		D23901412EB78F31004E0768 /* Exceptions for "ShoppingApp" folder in "ShoppingAppTests" target */ = {
			isa = PBXFileSystemSynchronizedBuildFileExceptionSet;
			membershipExceptions = (
				"Shared/Resources/GoogleService-Info.plist",
			);
			target = 9434F1E92E9AB79100C6176D /* ShoppingAppTests */;
		};
		D23901422EB78F31004E0768 /* Exceptions for "ShoppingApp" folder in "ShoppingAppUITests" target */ = {
			isa = PBXFileSystemSynchronizedBuildFileExceptionSet;
			membershipExceptions = (
				"Shared/Resources/GoogleService-Info.plist",
			);
			target = 9434F1F32E9AB79100C6176D /* ShoppingAppUITests */;
		};
/* End PBXFileSystemSynchronizedBuildFileExceptionSet section */

/* Begin PBXFileSystemSynchronizedRootGroup section */
		9434F1D62E9AB78F00C6176D /* ShoppingApp */ = {
			isa = PBXFileSystemSynchronizedRootGroup;
			exceptions = (
				9434F1FC2E9AB79100C6176D /* Exceptions for "ShoppingApp" folder in "ShoppingApp" target */,
				D23901412EB78F31004E0768 /* Exceptions for "ShoppingApp" folder in "ShoppingAppTests" target */,
				D23901422EB78F31004E0768 /* Exceptions for "ShoppingApp" folder in "ShoppingAppUITests" target */,
			);
			path = ShoppingApp;
			sourceTree = "<group>";
		};
		9434F1ED2E9AB79100C6176D /* ShoppingAppTests */ = {
			isa = PBXFileSystemSynchronizedRootGroup;
			path = ShoppingAppTests;
			sourceTree = "<group>";
		};
		9434F1F72E9AB79100C6176D /* ShoppingAppUITests */ = {
			isa = PBXFileSystemSynchronizedRootGroup;
			path = ShoppingAppUITests;
			sourceTree = "<group>";
		};
/* End PBXFileSystemSynchronizedRootGroup section */

/* Begin PBXFrameworksBuildPhase section */
		9434F1D12E9AB78F00C6176D /* Frameworks */ = {
			isa = PBXFrameworksBuildPhase;
			buildActionMask = 2147483647;
			files = (
				94E7ECDB2EAA879400E2D3A2 /* RxSwift in Frameworks */,
				D23901472EB790BD004E0768 /* FirebaseAuth in Frameworks */,
				D239013A2EB11AB6004E0768 /* GoogleSignIn in Frameworks */,
				D239014F2EB790BD004E0768 /* FirebaseFirestoreCombine-Community in Frameworks */,
				94E7ECD92EAA879400E2D3A2 /* RxRelay in Frameworks */,
				D23901492EB790BD004E0768 /* FirebaseCore in Frameworks */,
				D239014D2EB790BD004E0768 /* FirebaseFirestore in Frameworks */,
				D23901452EB790BD004E0768 /* FirebaseAnalytics in Frameworks */,
				D239014B2EB790BD004E0768 /* FirebaseDatabase in Frameworks */,
				D23901512EB790BD004E0768 /* FirebaseFunctions in Frameworks */,
				D23901552EB790BD004E0768 /* FirebasePerformance in Frameworks */,
				D23901572EB790BD004E0768 /* FirebaseStorage in Frameworks */,
				94E7ECD72EAA879400E2D3A2 /* RxCocoa in Frameworks */,
				D23901532EB790BD004E0768 /* FirebaseFunctionsCombine-Community in Frameworks */,
			);
			runOnlyForDeploymentPostprocessing = 0;
		};
		9434F1E72E9AB79100C6176D /* Frameworks */ = {
			isa = PBXFrameworksBuildPhase;
			buildActionMask = 2147483647;
			files = (
				94E7ECDD2EAA879400E2D3A2 /* RxTest in Frameworks */,
				94E7ECD52EAA879400E2D3A2 /* RxBlocking in Frameworks */,
			);
			runOnlyForDeploymentPostprocessing = 0;
		};
		9434F1F12E9AB79100C6176D /* Frameworks */ = {
			isa = PBXFrameworksBuildPhase;
			buildActionMask = 2147483647;
			files = (
			);
			runOnlyForDeploymentPostprocessing = 0;
		};
/* End PBXFrameworksBuildPhase section */

/* Begin PBXGroup section */
		9434F1CB2E9AB78F00C6176D = {
			isa = PBXGroup;
			children = (
				9434F1D62E9AB78F00C6176D /* ShoppingApp */,
				9434F1ED2E9AB79100C6176D /* ShoppingAppTests */,
				9434F1F72E9AB79100C6176D /* ShoppingAppUITests */,
				9434F1D52E9AB78F00C6176D /* Products */,
			);
			sourceTree = "<group>";
		};
		9434F1D52E9AB78F00C6176D /* Products */ = {
			isa = PBXGroup;
			children = (
				9434F1D42E9AB78F00C6176D /* ShoppingApp.app */,
				9434F1EA2E9AB79100C6176D /* ShoppingAppTests.xctest */,
				9434F1F42E9AB79100C6176D /* ShoppingAppUITests.xctest */,
			);
			name = Products;
			sourceTree = "<group>";
		};
/* End PBXGroup section */

/* Begin PBXNativeTarget section */
		9434F1D32E9AB78F00C6176D /* ShoppingApp */ = {
			isa = PBXNativeTarget;
			buildConfigurationList = 9434F1FD2E9AB79100C6176D /* Build configuration list for PBXNativeTarget "ShoppingApp" */;
			buildPhases = (
				9434F1D02E9AB78F00C6176D /* Sources */,
				9434F1D12E9AB78F00C6176D /* Frameworks */,
				9434F1D22E9AB78F00C6176D /* Resources */,
			);
			buildRules = (
			);
			dependencies = (
			);
			fileSystemSynchronizedGroups = (
				9434F1D62E9AB78F00C6176D /* ShoppingApp */,
			);
			name = ShoppingApp;
			productName = ShoppingApp;
			productReference = 9434F1D42E9AB78F00C6176D /* ShoppingApp.app */;
			productType = "com.apple.product-type.application";
		};
		9434F1E92E9AB79100C6176D /* ShoppingAppTests */ = {
			isa = PBXNativeTarget;
			buildConfigurationList = 9434F2022E9AB79100C6176D /* Build configuration list for PBXNativeTarget "ShoppingAppTests" */;
			buildPhases = (
				9434F1E62E9AB79100C6176D /* Sources */,
				9434F1E72E9AB79100C6176D /* Frameworks */,
				9434F1E82E9AB79100C6176D /* Resources */,
			);
			buildRules = (
			);
			dependencies = (
				9434F1EC2E9AB79100C6176D /* PBXTargetDependency */,
			);
			fileSystemSynchronizedGroups = (
				9434F1ED2E9AB79100C6176D /* ShoppingAppTests */,
			);
			name = ShoppingAppTests;
			productName = ShoppingAppTests;
			productReference = 9434F1EA2E9AB79100C6176D /* ShoppingAppTests.xctest */;
			productType = "com.apple.product-type.bundle.unit-test";
		};
		9434F1F32E9AB79100C6176D /* ShoppingAppUITests */ = {
			isa = PBXNativeTarget;
			buildConfigurationList = 9434F2052E9AB79100C6176D /* Build configuration list for PBXNativeTarget "ShoppingAppUITests" */;
			buildPhases = (
				9434F1F02E9AB79100C6176D /* Sources */,
				9434F1F12E9AB79100C6176D /* Frameworks */,
				9434F1F22E9AB79100C6176D /* Resources */,
			);
			buildRules = (
			);
			dependencies = (
				9434F1F62E9AB79100C6176D /* PBXTargetDependency */,
			);
			fileSystemSynchronizedGroups = (
				9434F1F72E9AB79100C6176D /* ShoppingAppUITests */,
			);
			name = ShoppingAppUITests;
			productName = ShoppingAppUITests;
			productReference = 9434F1F42E9AB79100C6176D /* ShoppingAppUITests.xctest */;
			productType = "com.apple.product-type.bundle.ui-testing";
		};
/* End PBXNativeTarget section */

/* Begin PBXProject section */
		9434F1CC2E9AB78F00C6176D /* Project object */ = {
			isa = PBXProject;
			attributes = {
				BuildIndependentTargetsInParallel = 1;
				LastSwiftUpdateCheck = 1610;
				LastUpgradeCheck = 1610;
				TargetAttributes = {
					9434F1D32E9AB78F00C6176D = {
						CreatedOnToolsVersion = 16.1;
					};
					9434F1E92E9AB79100C6176D = {
						CreatedOnToolsVersion = 16.1;
						TestTargetID = 9434F1D32E9AB78F00C6176D;
					};
					9434F1F32E9AB79100C6176D = {
						CreatedOnToolsVersion = 16.1;
						TestTargetID = 9434F1D32E9AB78F00C6176D;
					};
				};
			};
			buildConfigurationList = 9434F1CF2E9AB78F00C6176D /* Build configuration list for PBXProject "ShoppingApp" */;
			developmentRegion = en;
			hasScannedForEncodings = 0;
			knownRegions = (
				en,
				Base,
			);
			mainGroup = 9434F1CB2E9AB78F00C6176D;
			minimizedProjectReferenceProxies = 1;
			packageReferences = (
				94E7ECD32EAA879400E2D3A2 /* XCRemoteSwiftPackageReference "RxSwift" */,
				D23901382EB11AB6004E0768 /* XCRemoteSwiftPackageReference "GoogleSignIn-iOS" */,
				D23901432EB790BD004E0768 /* XCRemoteSwiftPackageReference "firebase-ios-sdk" */,
			);
			preferredProjectObjectVersion = 77;
			productRefGroup = 9434F1D52E9AB78F00C6176D /* Products */;
			projectDirPath = "";
			projectRoot = "";
			targets = (
				9434F1D32E9AB78F00C6176D /* ShoppingApp */,
				9434F1E92E9AB79100C6176D /* ShoppingAppTests */,
				9434F1F32E9AB79100C6176D /* ShoppingAppUITests */,
			);
		};
/* End PBXProject section */

/* Begin PBXResourcesBuildPhase section */
		9434F1D22E9AB78F00C6176D /* Resources */ = {
			isa = PBXResourcesBuildPhase;
			buildActionMask = 2147483647;
			files = (
			);
			runOnlyForDeploymentPostprocessing = 0;
		};
		9434F1E82E9AB79100C6176D /* Resources */ = {
			isa = PBXResourcesBuildPhase;
			buildActionMask = 2147483647;
			files = (
			);
			runOnlyForDeploymentPostprocessing = 0;
		};
		9434F1F22E9AB79100C6176D /* Resources */ = {
			isa = PBXResourcesBuildPhase;
			buildActionMask = 2147483647;
			files = (
			);
			runOnlyForDeploymentPostprocessing = 0;
		};
/* End PBXResourcesBuildPhase section */

/* Begin PBXSourcesBuildPhase section */
		9434F1D02E9AB78F00C6176D /* Sources */ = {
			isa = PBXSourcesBuildPhase;
			buildActionMask = 2147483647;
			files = (
			);
			runOnlyForDeploymentPostprocessing = 0;
		};
		9434F1E62E9AB79100C6176D /* Sources */ = {
			isa = PBXSourcesBuildPhase;
			buildActionMask = 2147483647;
			files = (
			);
			runOnlyForDeploymentPostprocessing = 0;
		};
		9434F1F02E9AB79100C6176D /* Sources */ = {
			isa = PBXSourcesBuildPhase;
			buildActionMask = 2147483647;
			files = (
			);
			runOnlyForDeploymentPostprocessing = 0;
		};
/* End PBXSourcesBuildPhase section */

/* Begin PBXTargetDependency section */
		9434F1EC2E9AB79100C6176D /* PBXTargetDependency */ = {
			isa = PBXTargetDependency;
			target = 9434F1D32E9AB78F00C6176D /* ShoppingApp */;
			targetProxy = 9434F1EB2E9AB79100C6176D /* PBXContainerItemProxy */;
		};
		9434F1F62E9AB79100C6176D /* PBXTargetDependency */ = {
			isa = PBXTargetDependency;
			target = 9434F1D32E9AB78F00C6176D /* ShoppingApp */;
			targetProxy = 9434F1F52E9AB79100C6176D /* PBXContainerItemProxy */;
		};
/* End PBXTargetDependency section */

/* Begin XCBuildConfiguration section */
		9434F1FE2E9AB79100C6176D /* Debug */ = {
			isa = XCBuildConfiguration;
			buildSettings = {
				ASSETCATALOG_COMPILER_APPICON_NAME = AppIcon;
				ASSETCATALOG_COMPILER_GLOBAL_ACCENT_COLOR_NAME = AccentColor;
				CODE_SIGN_STYLE = Automatic;
				CURRENT_PROJECT_VERSION = 1;
				GENERATE_INFOPLIST_FILE = YES;
				INFOPLIST_FILE = ShoppingApp/Shared/Resources/Info.plist;
				INFOPLIST_KEY_UIApplicationSupportsIndirectInputEvents = YES;
				INFOPLIST_KEY_UILaunchStoryboardName = LaunchScreen;
				INFOPLIST_KEY_UISupportedInterfaceOrientations_iPad = "UIInterfaceOrientationPortrait UIInterfaceOrientationPortraitUpsideDown UIInterfaceOrientationLandscapeLeft UIInterfaceOrientationLandscapeRight";
				INFOPLIST_KEY_UISupportedInterfaceOrientations_iPhone = "UIInterfaceOrientationPortrait UIInterfaceOrientationLandscapeLeft UIInterfaceOrientationLandscapeRight";
				LD_RUNPATH_SEARCH_PATHS = (
					"$(inherited)",
					"@executable_path/Frameworks",
				);
				MARKETING_VERSION = 1.0;
				PRODUCT_BUNDLE_IDENTIFIER = com.tinpham.ShopSwift;
				PRODUCT_NAME = "$(TARGET_NAME)";
				SWIFT_EMIT_LOC_STRINGS = YES;
				SWIFT_VERSION = 5.0;
				TARGETED_DEVICE_FAMILY = "1,2";
			};
			name = Debug;
		};
		9434F1FF2E9AB79100C6176D /* Release */ = {
			isa = XCBuildConfiguration;
			buildSettings = {
				ASSETCATALOG_COMPILER_APPICON_NAME = AppIcon;
				ASSETCATALOG_COMPILER_GLOBAL_ACCENT_COLOR_NAME = AccentColor;
				CODE_SIGN_STYLE = Automatic;
				CURRENT_PROJECT_VERSION = 1;
				GENERATE_INFOPLIST_FILE = YES;
				INFOPLIST_FILE = ShoppingApp/Shared/Resources/Info.plist;
				INFOPLIST_KEY_UIApplicationSupportsIndirectInputEvents = YES;
				INFOPLIST_KEY_UILaunchStoryboardName = LaunchScreen;
				INFOPLIST_KEY_UISupportedInterfaceOrientations_iPad = "UIInterfaceOrientationPortrait UIInterfaceOrientationPortraitUpsideDown UIInterfaceOrientationLandscapeLeft UIInterfaceOrientationLandscapeRight";
				INFOPLIST_KEY_UISupportedInterfaceOrientations_iPhone = "UIInterfaceOrientationPortrait UIInterfaceOrientationLandscapeLeft UIInterfaceOrientationLandscapeRight";
				LD_RUNPATH_SEARCH_PATHS = (
					"$(inherited)",
					"@executable_path/Frameworks",
				);
				MARKETING_VERSION = 1.0;
				PRODUCT_BUNDLE_IDENTIFIER = com.tinpham.ShopSwift;
				PRODUCT_NAME = "$(TARGET_NAME)";
				SWIFT_EMIT_LOC_STRINGS = YES;
				SWIFT_VERSION = 5.0;
				TARGETED_DEVICE_FAMILY = "1,2";
			};
			name = Release;
		};
		9434F2002E9AB79100C6176D /* Debug */ = {
			isa = XCBuildConfiguration;
			buildSettings = {
				ALWAYS_SEARCH_USER_PATHS = NO;
				ASSETCATALOG_COMPILER_GENERATE_SWIFT_ASSET_SYMBOL_EXTENSIONS = YES;
				CLANG_ANALYZER_NONNULL = YES;
				CLANG_ANALYZER_NUMBER_OBJECT_CONVERSION = YES_AGGRESSIVE;
				CLANG_CXX_LANGUAGE_STANDARD = "gnu++20";
				CLANG_ENABLE_MODULES = YES;
				CLANG_ENABLE_OBJC_ARC = YES;
				CLANG_ENABLE_OBJC_WEAK = YES;
				CLANG_WARN_BLOCK_CAPTURE_AUTORELEASING = YES;
				CLANG_WARN_BOOL_CONVERSION = YES;
				CLANG_WARN_COMMA = YES;
				CLANG_WARN_CONSTANT_CONVERSION = YES;
				CLANG_WARN_DEPRECATED_OBJC_IMPLEMENTATIONS = YES;
				CLANG_WARN_DIRECT_OBJC_ISA_USAGE = YES_ERROR;
				CLANG_WARN_DOCUMENTATION_COMMENTS = YES;
				CLANG_WARN_EMPTY_BODY = YES;
				CLANG_WARN_ENUM_CONVERSION = YES;
				CLANG_WARN_INFINITE_RECURSION = YES;
				CLANG_WARN_INT_CONVERSION = YES;
				CLANG_WARN_NON_LITERAL_NULL_CONVERSION = YES;
				CLANG_WARN_OBJC_IMPLICIT_RETAIN_SELF = YES;
				CLANG_WARN_OBJC_LITERAL_CONVERSION = YES;
				CLANG_WARN_OBJC_ROOT_CLASS = YES_ERROR;
				CLANG_WARN_QUOTED_INCLUDE_IN_FRAMEWORK_HEADER = YES;
				CLANG_WARN_RANGE_LOOP_ANALYSIS = YES;
				CLANG_WARN_STRICT_PROTOTYPES = YES;
				CLANG_WARN_SUSPICIOUS_MOVE = YES;
				CLANG_WARN_UNGUARDED_AVAILABILITY = YES_AGGRESSIVE;
				CLANG_WARN_UNREACHABLE_CODE = YES;
				CLANG_WARN__DUPLICATE_METHOD_MATCH = YES;
				COPY_PHASE_STRIP = NO;
				DEBUG_INFORMATION_FORMAT = dwarf;
				ENABLE_STRICT_OBJC_MSGSEND = YES;
				ENABLE_TESTABILITY = YES;
				ENABLE_USER_SCRIPT_SANDBOXING = YES;
				GCC_C_LANGUAGE_STANDARD = gnu17;
				GCC_DYNAMIC_NO_PIC = NO;
				GCC_NO_COMMON_BLOCKS = YES;
				GCC_OPTIMIZATION_LEVEL = 0;
				GCC_PREPROCESSOR_DEFINITIONS = (
					"DEBUG=1",
					"$(inherited)",
				);
				GCC_WARN_64_TO_32_BIT_CONVERSION = YES;
				GCC_WARN_ABOUT_RETURN_TYPE = YES_ERROR;
				GCC_WARN_UNDECLARED_SELECTOR = YES;
				GCC_WARN_UNINITIALIZED_AUTOS = YES_AGGRESSIVE;
				GCC_WARN_UNUSED_FUNCTION = YES;
				GCC_WARN_UNUSED_VARIABLE = YES;
				IPHONEOS_DEPLOYMENT_TARGET = 18.1;
				LOCALIZATION_PREFERS_STRING_CATALOGS = YES;
				MTL_ENABLE_DEBUG_INFO = INCLUDE_SOURCE;
				MTL_FAST_MATH = YES;
				ONLY_ACTIVE_ARCH = YES;
				SDKROOT = iphoneos;
				SWIFT_ACTIVE_COMPILATION_CONDITIONS = "DEBUG $(inherited)";
				SWIFT_OPTIMIZATION_LEVEL = "-Onone";
			};
			name = Debug;
		};
		9434F2012E9AB79100C6176D /* Release */ = {
			isa = XCBuildConfiguration;
			buildSettings = {
				ALWAYS_SEARCH_USER_PATHS = NO;
				ASSETCATALOG_COMPILER_GENERATE_SWIFT_ASSET_SYMBOL_EXTENSIONS = YES;
				CLANG_ANALYZER_NONNULL = YES;
				CLANG_ANALYZER_NUMBER_OBJECT_CONVERSION = YES_AGGRESSIVE;
				CLANG_CXX_LANGUAGE_STANDARD = "gnu++20";
				CLANG_ENABLE_MODULES = YES;
				CLANG_ENABLE_OBJC_ARC = YES;
				CLANG_ENABLE_OBJC_WEAK = YES;
				CLANG_WARN_BLOCK_CAPTURE_AUTORELEASING = YES;
				CLANG_WARN_BOOL_CONVERSION = YES;
				CLANG_WARN_COMMA = YES;
				CLANG_WARN_CONSTANT_CONVERSION = YES;
				CLANG_WARN_DEPRECATED_OBJC_IMPLEMENTATIONS = YES;
				CLANG_WARN_DIRECT_OBJC_ISA_USAGE = YES_ERROR;
				CLANG_WARN_DOCUMENTATION_COMMENTS = YES;
				CLANG_WARN_EMPTY_BODY = YES;
				CLANG_WARN_ENUM_CONVERSION = YES;
				CLANG_WARN_INFINITE_RECURSION = YES;
				CLANG_WARN_INT_CONVERSION = YES;
				CLANG_WARN_NON_LITERAL_NULL_CONVERSION = YES;
				CLANG_WARN_OBJC_IMPLICIT_RETAIN_SELF = YES;
				CLANG_WARN_OBJC_LITERAL_CONVERSION = YES;
				CLANG_WARN_OBJC_ROOT_CLASS = YES_ERROR;
				CLANG_WARN_QUOTED_INCLUDE_IN_FRAMEWORK_HEADER = YES;
				CLANG_WARN_RANGE_LOOP_ANALYSIS = YES;
				CLANG_WARN_STRICT_PROTOTYPES = YES;
				CLANG_WARN_SUSPICIOUS_MOVE = YES;
				CLANG_WARN_UNGUARDED_AVAILABILITY = YES_AGGRESSIVE;
				CLANG_WARN_UNREACHABLE_CODE = YES;
				CLANG_WARN__DUPLICATE_METHOD_MATCH = YES;
				COPY_PHASE_STRIP = NO;
				DEBUG_INFORMATION_FORMAT = "dwarf-with-dsym";
				ENABLE_NS_ASSERTIONS = NO;
				ENABLE_STRICT_OBJC_MSGSEND = YES;
				ENABLE_USER_SCRIPT_SANDBOXING = YES;
				GCC_C_LANGUAGE_STANDARD = gnu17;
				GCC_NO_COMMON_BLOCKS = YES;
				GCC_WARN_64_TO_32_BIT_CONVERSION = YES;
				GCC_WARN_ABOUT_RETURN_TYPE = YES_ERROR;
				GCC_WARN_UNDECLARED_SELECTOR = YES;
				GCC_WARN_UNINITIALIZED_AUTOS = YES_AGGRESSIVE;
				GCC_WARN_UNUSED_FUNCTION = YES;
				GCC_WARN_UNUSED_VARIABLE = YES;
				IPHONEOS_DEPLOYMENT_TARGET = 18.1;
				LOCALIZATION_PREFERS_STRING_CATALOGS = YES;
				MTL_ENABLE_DEBUG_INFO = NO;
				MTL_FAST_MATH = YES;
				SDKROOT = iphoneos;
				SWIFT_COMPILATION_MODE = wholemodule;
				VALIDATE_PRODUCT = YES;
			};
			name = Release;
		};
		9434F2032E9AB79100C6176D /* Debug */ = {
			isa = XCBuildConfiguration;
			buildSettings = {
				BUNDLE_LOADER = "$(TEST_HOST)";
				CODE_SIGN_STYLE = Automatic;
				CURRENT_PROJECT_VERSION = 1;
				GENERATE_INFOPLIST_FILE = YES;
				IPHONEOS_DEPLOYMENT_TARGET = 18.1;
				MARKETING_VERSION = 1.0;
				PRODUCT_BUNDLE_IDENTIFIER = com.shopback.ShoppingAppTests;
				PRODUCT_NAME = "$(TARGET_NAME)";
				SWIFT_EMIT_LOC_STRINGS = NO;
				SWIFT_VERSION = 5.0;
				TARGETED_DEVICE_FAMILY = "1,2";
				TEST_HOST = "$(BUILT_PRODUCTS_DIR)/ShoppingApp.app/$(BUNDLE_EXECUTABLE_FOLDER_PATH)/ShoppingApp";
			};
			name = Debug;
		};
		9434F2042E9AB79100C6176D /* Release */ = {
			isa = XCBuildConfiguration;
			buildSettings = {
				BUNDLE_LOADER = "$(TEST_HOST)";
				CODE_SIGN_STYLE = Automatic;
				CURRENT_PROJECT_VERSION = 1;
				GENERATE_INFOPLIST_FILE = YES;
				IPHONEOS_DEPLOYMENT_TARGET = 18.1;
				MARKETING_VERSION = 1.0;
				PRODUCT_BUNDLE_IDENTIFIER = com.shopback.ShoppingAppTests;
				PRODUCT_NAME = "$(TARGET_NAME)";
				SWIFT_EMIT_LOC_STRINGS = NO;
				SWIFT_VERSION = 5.0;
				TARGETED_DEVICE_FAMILY = "1,2";
				TEST_HOST = "$(BUILT_PRODUCTS_DIR)/ShoppingApp.app/$(BUNDLE_EXECUTABLE_FOLDER_PATH)/ShoppingApp";
			};
			name = Release;
		};
		9434F2062E9AB79100C6176D /* Debug */ = {
			isa = XCBuildConfiguration;
			buildSettings = {
				CODE_SIGN_STYLE = Automatic;
				CURRENT_PROJECT_VERSION = 1;
				GENERATE_INFOPLIST_FILE = YES;
				MARKETING_VERSION = 1.0;
				PRODUCT_BUNDLE_IDENTIFIER = com.shopback.ShoppingAppUITests;
				PRODUCT_NAME = "$(TARGET_NAME)";
				SWIFT_EMIT_LOC_STRINGS = NO;
				SWIFT_VERSION = 5.0;
				TARGETED_DEVICE_FAMILY = "1,2";
				TEST_TARGET_NAME = ShoppingApp;
			};
			name = Debug;
		};
		9434F2072E9AB79100C6176D /* Release */ = {
			isa = XCBuildConfiguration;
			buildSettings = {
				CODE_SIGN_STYLE = Automatic;
				CURRENT_PROJECT_VERSION = 1;
				GENERATE_INFOPLIST_FILE = YES;
				MARKETING_VERSION = 1.0;
				PRODUCT_BUNDLE_IDENTIFIER = com.shopback.ShoppingAppUITests;
				PRODUCT_NAME = "$(TARGET_NAME)";
				SWIFT_EMIT_LOC_STRINGS = NO;
				SWIFT_VERSION = 5.0;
				TARGETED_DEVICE_FAMILY = "1,2";
				TEST_TARGET_NAME = ShoppingApp;
			};
			name = Release;
		};
/* End XCBuildConfiguration section */

/* Begin XCConfigurationList section */
		9434F1CF2E9AB78F00C6176D /* Build configuration list for PBXProject "ShoppingApp" */ = {
			isa = XCConfigurationList;
			buildConfigurations = (
				9434F2002E9AB79100C6176D /* Debug */,
				9434F2012E9AB79100C6176D /* Release */,
			);
			defaultConfigurationIsVisible = 0;
			defaultConfigurationName = Release;
		};
		9434F1FD2E9AB79100C6176D /* Build configuration list for PBXNativeTarget "ShoppingApp" */ = {
			isa = XCConfigurationList;
			buildConfigurations = (
				9434F1FE2E9AB79100C6176D /* Debug */,
				9434F1FF2E9AB79100C6176D /* Release */,
			);
			defaultConfigurationIsVisible = 0;
			defaultConfigurationName = Release;
		};
		9434F2022E9AB79100C6176D /* Build configuration list for PBXNativeTarget "ShoppingAppTests" */ = {
			isa = XCConfigurationList;
			buildConfigurations = (
				9434F2032E9AB79100C6176D /* Debug */,
				9434F2042E9AB79100C6176D /* Release */,
			);
			defaultConfigurationIsVisible = 0;
			defaultConfigurationName = Release;
		};
		9434F2052E9AB79100C6176D /* Build configuration list for PBXNativeTarget "ShoppingAppUITests" */ = {
			isa = XCConfigurationList;
			buildConfigurations = (
				9434F2062E9AB79100C6176D /* Debug */,
				9434F2072E9AB79100C6176D /* Release */,
			);
			defaultConfigurationIsVisible = 0;
			defaultConfigurationName = Release;
		};
/* End XCConfigurationList section */

/* Begin XCRemoteSwiftPackageReference section */
		94E7ECD32EAA879400E2D3A2 /* XCRemoteSwiftPackageReference "RxSwift" */ = {
			isa = XCRemoteSwiftPackageReference;
			repositoryURL = "https://github.com/ReactiveX/RxSwift.git";
			requirement = {
				kind = upToNextMajorVersion;
				minimumVersion = 6.9.0;
			};
		};
		D23901382EB11AB6004E0768 /* XCRemoteSwiftPackageReference "GoogleSignIn-iOS" */ = {
			isa = XCRemoteSwiftPackageReference;
			repositoryURL = "https://github.com/google/GoogleSignIn-iOS.git";
			requirement = {
				kind = upToNextMajorVersion;
				minimumVersion = 9.0.0;
			};
		};
		D23901432EB790BD004E0768 /* XCRemoteSwiftPackageReference "firebase-ios-sdk" */ = {
			isa = XCRemoteSwiftPackageReference;
			repositoryURL = "https://github.com/firebase/firebase-ios-sdk";
			requirement = {
				kind = upToNextMajorVersion;
				minimumVersion = 12.5.0;
			};
		};
/* End XCRemoteSwiftPackageReference section */

/* Begin XCSwiftPackageProductDependency section */
		94E7ECD42EAA879400E2D3A2 /* RxBlocking */ = {
			isa = XCSwiftPackageProductDependency;
			package = 94E7ECD32EAA879400E2D3A2 /* XCRemoteSwiftPackageReference "RxSwift" */;
			productName = RxBlocking;
		};
		94E7ECD62EAA879400E2D3A2 /* RxCocoa */ = {
			isa = XCSwiftPackageProductDependency;
			package = 94E7ECD32EAA879400E2D3A2 /* XCRemoteSwiftPackageReference "RxSwift" */;
			productName = RxCocoa;
		};
		94E7ECD82EAA879400E2D3A2 /* RxRelay */ = {
			isa = XCSwiftPackageProductDependency;
			package = 94E7ECD32EAA879400E2D3A2 /* XCRemoteSwiftPackageReference "RxSwift" */;
			productName = RxRelay;
		};
		94E7ECDA2EAA879400E2D3A2 /* RxSwift */ = {
			isa = XCSwiftPackageProductDependency;
			package = 94E7ECD32EAA879400E2D3A2 /* XCRemoteSwiftPackageReference "RxSwift" */;
			productName = RxSwift;
		};
		94E7ECDC2EAA879400E2D3A2 /* RxTest */ = {
			isa = XCSwiftPackageProductDependency;
			package = 94E7ECD32EAA879400E2D3A2 /* XCRemoteSwiftPackageReference "RxSwift" */;
			productName = RxTest;
		};
		D23901392EB11AB6004E0768 /* GoogleSignIn */ = {
			isa = XCSwiftPackageProductDependency;
			package = D23901382EB11AB6004E0768 /* XCRemoteSwiftPackageReference "GoogleSignIn-iOS" */;
			productName = GoogleSignIn;
		};
		D23901442EB790BD004E0768 /* FirebaseAnalytics */ = {
			isa = XCSwiftPackageProductDependency;
			package = D23901432EB790BD004E0768 /* XCRemoteSwiftPackageReference "firebase-ios-sdk" */;
			productName = FirebaseAnalytics;
		};
		D23901462EB790BD004E0768 /* FirebaseAuth */ = {
			isa = XCSwiftPackageProductDependency;
			package = D23901432EB790BD004E0768 /* XCRemoteSwiftPackageReference "firebase-ios-sdk" */;
			productName = FirebaseAuth;
		};
		D23901482EB790BD004E0768 /* FirebaseCore */ = {
			isa = XCSwiftPackageProductDependency;
			package = D23901432EB790BD004E0768 /* XCRemoteSwiftPackageReference "firebase-ios-sdk" */;
			productName = FirebaseCore;
		};
		D239014A2EB790BD004E0768 /* FirebaseDatabase */ = {
			isa = XCSwiftPackageProductDependency;
			package = D23901432EB790BD004E0768 /* XCRemoteSwiftPackageReference "firebase-ios-sdk" */;
			productName = FirebaseDatabase;
		};
		D239014C2EB790BD004E0768 /* FirebaseFirestore */ = {
			isa = XCSwiftPackageProductDependency;
			package = D23901432EB790BD004E0768 /* XCRemoteSwiftPackageReference "firebase-ios-sdk" */;
			productName = FirebaseFirestore;
		};
		D239014E2EB790BD004E0768 /* FirebaseFirestoreCombine-Community */ = {
			isa = XCSwiftPackageProductDependency;
			package = D23901432EB790BD004E0768 /* XCRemoteSwiftPackageReference "firebase-ios-sdk" */;
			productName = "FirebaseFirestoreCombine-Community";
		};
		D23901502EB790BD004E0768 /* FirebaseFunctions */ = {
			isa = XCSwiftPackageProductDependency;
			package = D23901432EB790BD004E0768 /* XCRemoteSwiftPackageReference "firebase-ios-sdk" */;
			productName = FirebaseFunctions;
		};
		D23901522EB790BD004E0768 /* FirebaseFunctionsCombine-Community */ = {
			isa = XCSwiftPackageProductDependency;
			package = D23901432EB790BD004E0768 /* XCRemoteSwiftPackageReference "firebase-ios-sdk" */;
			productName = "FirebaseFunctionsCombine-Community";
		};
		D23901542EB790BD004E0768 /* FirebasePerformance */ = {
			isa = XCSwiftPackageProductDependency;
			package = D23901432EB790BD004E0768 /* XCRemoteSwiftPackageReference "firebase-ios-sdk" */;
			productName = FirebasePerformance;
		};
		D23901562EB790BD004E0768 /* FirebaseStorage */ = {
			isa = XCSwiftPackageProductDependency;
			package = D23901432EB790BD004E0768 /* XCRemoteSwiftPackageReference "firebase-ios-sdk" */;
			productName = FirebaseStorage;
		};
/* End XCSwiftPackageProductDependency section */
	};
	rootObject = 9434F1CC2E9AB78F00C6176D /* Project object */;
}
